// !$*UTF8*$!
{
	archiveVersion = 1;
	classes = {
	};
	objectVersion = 55;
	objects = {

/* Begin PBXBuildFile section */
		52575341294C887700ED075C /* ApiSettings.plist in Resources */ = {isa = PBXBuildFile; fileRef = 52575340294C887700ED075C /* ApiSettings.plist */; };
		52575347294C895600ED075C /* RequestManager.swift in Sources */ = {isa = PBXBuildFile; fileRef = 52575346294C895600ED075C /* RequestManager.swift */; };
		5257534A294C8D0600ED075C /* Failure.swift in Sources */ = {isa = PBXBuildFile; fileRef = 52575349294C8D0600ED075C /* Failure.swift */; };
		5257534E294C8E1400ED075C /* Strings.swift in Sources */ = {isa = PBXBuildFile; fileRef = 5257534D294C8E1400ED075C /* Strings.swift */; };
		52575350294C8FDF00ED075C /* EndPoint.swift in Sources */ = {isa = PBXBuildFile; fileRef = 5257534F294C8FDF00ED075C /* EndPoint.swift */; };
		52575356294CABE200ED075C /* TickersResponseObject.swift in Sources */ = {isa = PBXBuildFile; fileRef = 52575355294CABE200ED075C /* TickersResponseObject.swift */; };
		52575358294CAC1000ED075C /* Ticker.swift in Sources */ = {isa = PBXBuildFile; fileRef = 52575357294CAC1000ED075C /* Ticker.swift */; };
		5257535A294CAE5C00ED075C /* NetworkService.swift in Sources */ = {isa = PBXBuildFile; fileRef = 52575359294CAE5C00ED075C /* NetworkService.swift */; };
		5257535E294CC42200ED075C /* TickersRequestObject.swift in Sources */ = {isa = PBXBuildFile; fileRef = 5257535D294CC42200ED075C /* TickersRequestObject.swift */; };
		52685281294C77D8006FF320 /* AppDelegate.swift in Sources */ = {isa = PBXBuildFile; fileRef = 52685280294C77D8006FF320 /* AppDelegate.swift */; };
		52685283294C77D8006FF320 /* SceneDelegate.swift in Sources */ = {isa = PBXBuildFile; fileRef = 52685282294C77D8006FF320 /* SceneDelegate.swift */; };
		5268528A294C77DD006FF320 /* Assets.xcassets in Resources */ = {isa = PBXBuildFile; fileRef = 52685289294C77DD006FF320 /* Assets.xcassets */; };
		5268528D294C77DD006FF320 /* LaunchScreen.storyboard in Resources */ = {isa = PBXBuildFile; fileRef = 5268528B294C77DD006FF320 /* LaunchScreen.storyboard */; };
		5285761C29532BED0013E280 /* Animations.swift in Sources */ = {isa = PBXBuildFile; fileRef = 5285761B29532BED0013E280 /* Animations.swift */; };
		5285761E29532CAA0013E280 /* Transitions.swift in Sources */ = {isa = PBXBuildFile; fileRef = 5285761D29532CAA0013E280 /* Transitions.swift */; };
		528576212953367F0013E280 /* TickersFiltersView.swift in Sources */ = {isa = PBXBuildFile; fileRef = 528576202953367F0013E280 /* TickersFiltersView.swift */; };
		52857623295336C30013E280 /* TickersFiltersViewModel.swift in Sources */ = {isa = PBXBuildFile; fileRef = 52857622295336C30013E280 /* TickersFiltersViewModel.swift */; };
		52857625295337050013E280 /* TickersFiltersInteractor.swift in Sources */ = {isa = PBXBuildFile; fileRef = 52857624295337050013E280 /* TickersFiltersInteractor.swift */; };
		528576272953381A0013E280 /* TickersFiltersPresenter.swift in Sources */ = {isa = PBXBuildFile; fileRef = 528576262953381A0013E280 /* TickersFiltersPresenter.swift */; };
		528576292953394A0013E280 /* TickersFiltersRouter.swift in Sources */ = {isa = PBXBuildFile; fileRef = 52857628295339490013E280 /* TickersFiltersRouter.swift */; };
		5285762B295339830013E280 /* TickersFiltersAssembler.swift in Sources */ = {isa = PBXBuildFile; fileRef = 5285762A295339830013E280 /* TickersFiltersAssembler.swift */; };
		5285762E29534AF60013E280 /* ExchangesRequestObject.swift in Sources */ = {isa = PBXBuildFile; fileRef = 5285762D29534AF60013E280 /* ExchangesRequestObject.swift */; };
		5285763129534C2D0013E280 /* ExchangesResponseObject.swift in Sources */ = {isa = PBXBuildFile; fileRef = 5285763029534C2D0013E280 /* ExchangesResponseObject.swift */; };
		5285763329534C560013E280 /* Exchange.swift in Sources */ = {isa = PBXBuildFile; fileRef = 5285763229534C560013E280 /* Exchange.swift */; };
		528B340D2951C0760082F73B /* CaseIterable.swift in Sources */ = {isa = PBXBuildFile; fileRef = 528B340C2951C0760082F73B /* CaseIterable.swift */; };
		528B34102951C33A0082F73B /* Font.swift in Sources */ = {isa = PBXBuildFile; fileRef = 528B340F2951C33A0082F73B /* Font.swift */; };
		528B34122951C3C70082F73B /* Colors.xcassets in Resources */ = {isa = PBXBuildFile; fileRef = 528B34112951C3C70082F73B /* Colors.xcassets */; };
		528B34152951C4320082F73B /* Color.swift in Sources */ = {isa = PBXBuildFile; fileRef = 528B34142951C4320082F73B /* Color.swift */; };
		52D358F829506E1700509AEF /* TickerType.swift in Sources */ = {isa = PBXBuildFile; fileRef = 52D358F729506E1700509AEF /* TickerType.swift */; };
		52D358FA29506ECE00509AEF /* MarketType.swift in Sources */ = {isa = PBXBuildFile; fileRef = 52D358F929506ECE00509AEF /* MarketType.swift */; };
		52D358FF2950902E00509AEF /* TickersCoordinator.swift in Sources */ = {isa = PBXBuildFile; fileRef = 52D358FE2950902E00509AEF /* TickersCoordinator.swift */; };
		52F38FB22950B3F700FF17E8 /* Coordinator.swift in Sources */ = {isa = PBXBuildFile; fileRef = 52F38FB12950B3F700FF17E8 /* Coordinator.swift */; };
		52F38FB52950B42E00FF17E8 /* TickersAssembler.swift in Sources */ = {isa = PBXBuildFile; fileRef = 52F38FB42950B42E00FF17E8 /* TickersAssembler.swift */; };
		52F38FB72950B44600FF17E8 /* TickersView.swift in Sources */ = {isa = PBXBuildFile; fileRef = 52F38FB62950B44600FF17E8 /* TickersView.swift */; };
		52F38FB92950B45D00FF17E8 /* TickersInteractor.swift in Sources */ = {isa = PBXBuildFile; fileRef = 52F38FB82950B45D00FF17E8 /* TickersInteractor.swift */; };
		52F38FBB2950B47700FF17E8 /* TickersPresenter.swift in Sources */ = {isa = PBXBuildFile; fileRef = 52F38FBA2950B47700FF17E8 /* TickersPresenter.swift */; };
		52F38FBD2950B49100FF17E8 /* TickersRouter.swift in Sources */ = {isa = PBXBuildFile; fileRef = 52F38FBC2950B49100FF17E8 /* TickersRouter.swift */; };
		52F38FBF2950B4DB00FF17E8 /* TickersViewModel.swift in Sources */ = {isa = PBXBuildFile; fileRef = 52F38FBE2950B4DB00FF17E8 /* TickersViewModel.swift */; };
		52F38FC12950B50600FF17E8 /* TickersNetworkService.swift in Sources */ = {isa = PBXBuildFile; fileRef = 52F38FC02950B50600FF17E8 /* TickersNetworkService.swift */; };
/* End PBXBuildFile section */

/* Begin PBXFileReference section */
		52575340294C887700ED075C /* ApiSettings.plist */ = {isa = PBXFileReference; lastKnownFileType = text.plist.xml; path = ApiSettings.plist; sourceTree = "<group>"; };
		52575346294C895600ED075C /* RequestManager.swift */ = {isa = PBXFileReference; lastKnownFileType = sourcecode.swift; path = RequestManager.swift; sourceTree = "<group>"; };
		52575349294C8D0600ED075C /* Failure.swift */ = {isa = PBXFileReference; lastKnownFileType = sourcecode.swift; path = Failure.swift; sourceTree = "<group>"; };
		5257534D294C8E1400ED075C /* Strings.swift */ = {isa = PBXFileReference; lastKnownFileType = sourcecode.swift; path = Strings.swift; sourceTree = "<group>"; };
		5257534F294C8FDF00ED075C /* EndPoint.swift */ = {isa = PBXFileReference; lastKnownFileType = sourcecode.swift; path = EndPoint.swift; sourceTree = "<group>"; };
		52575355294CABE200ED075C /* TickersResponseObject.swift */ = {isa = PBXFileReference; lastKnownFileType = sourcecode.swift; path = TickersResponseObject.swift; sourceTree = "<group>"; };
		52575357294CAC1000ED075C /* Ticker.swift */ = {isa = PBXFileReference; lastKnownFileType = sourcecode.swift; path = Ticker.swift; sourceTree = "<group>"; };
		52575359294CAE5C00ED075C /* NetworkService.swift */ = {isa = PBXFileReference; lastKnownFileType = sourcecode.swift; path = NetworkService.swift; sourceTree = "<group>"; };
		5257535D294CC42200ED075C /* TickersRequestObject.swift */ = {isa = PBXFileReference; lastKnownFileType = sourcecode.swift; path = TickersRequestObject.swift; sourceTree = "<group>"; };
		5268527D294C77D8006FF320 /* Crypto Poligon.app */ = {isa = PBXFileReference; explicitFileType = wrapper.application; includeInIndex = 0; path = "Crypto Poligon.app"; sourceTree = BUILT_PRODUCTS_DIR; };
		52685280294C77D8006FF320 /* AppDelegate.swift */ = {isa = PBXFileReference; lastKnownFileType = sourcecode.swift; path = AppDelegate.swift; sourceTree = "<group>"; };
		52685282294C77D8006FF320 /* SceneDelegate.swift */ = {isa = PBXFileReference; lastKnownFileType = sourcecode.swift; path = SceneDelegate.swift; sourceTree = "<group>"; };
		52685289294C77DD006FF320 /* Assets.xcassets */ = {isa = PBXFileReference; lastKnownFileType = folder.assetcatalog; path = Assets.xcassets; sourceTree = "<group>"; };
		5268528C294C77DD006FF320 /* Base */ = {isa = PBXFileReference; lastKnownFileType = file.storyboard; name = Base; path = Base.lproj/LaunchScreen.storyboard; sourceTree = "<group>"; };
		5268528E294C77DD006FF320 /* Info.plist */ = {isa = PBXFileReference; lastKnownFileType = text.plist.xml; path = Info.plist; sourceTree = "<group>"; };
		5285761B29532BED0013E280 /* Animations.swift */ = {isa = PBXFileReference; lastKnownFileType = sourcecode.swift; path = Animations.swift; sourceTree = "<group>"; };
		5285761D29532CAA0013E280 /* Transitions.swift */ = {isa = PBXFileReference; lastKnownFileType = sourcecode.swift; path = Transitions.swift; sourceTree = "<group>"; };
		528576202953367F0013E280 /* TickersFiltersView.swift */ = {isa = PBXFileReference; lastKnownFileType = sourcecode.swift; path = TickersFiltersView.swift; sourceTree = "<group>"; };
		52857622295336C30013E280 /* TickersFiltersViewModel.swift */ = {isa = PBXFileReference; lastKnownFileType = sourcecode.swift; path = TickersFiltersViewModel.swift; sourceTree = "<group>"; };
		52857624295337050013E280 /* TickersFiltersInteractor.swift */ = {isa = PBXFileReference; lastKnownFileType = sourcecode.swift; path = TickersFiltersInteractor.swift; sourceTree = "<group>"; };
		528576262953381A0013E280 /* TickersFiltersPresenter.swift */ = {isa = PBXFileReference; lastKnownFileType = sourcecode.swift; path = TickersFiltersPresenter.swift; sourceTree = "<group>"; };
		52857628295339490013E280 /* TickersFiltersRouter.swift */ = {isa = PBXFileReference; lastKnownFileType = sourcecode.swift; path = TickersFiltersRouter.swift; sourceTree = "<group>"; };
		5285762A295339830013E280 /* TickersFiltersAssembler.swift */ = {isa = PBXFileReference; lastKnownFileType = sourcecode.swift; path = TickersFiltersAssembler.swift; sourceTree = "<group>"; };
		5285762D29534AF60013E280 /* ExchangesRequestObject.swift */ = {isa = PBXFileReference; lastKnownFileType = sourcecode.swift; path = ExchangesRequestObject.swift; sourceTree = "<group>"; };
		5285763029534C2D0013E280 /* ExchangesResponseObject.swift */ = {isa = PBXFileReference; lastKnownFileType = sourcecode.swift; path = ExchangesResponseObject.swift; sourceTree = "<group>"; };
		5285763229534C560013E280 /* Exchange.swift */ = {isa = PBXFileReference; lastKnownFileType = sourcecode.swift; path = Exchange.swift; sourceTree = "<group>"; };
		528B340C2951C0760082F73B /* CaseIterable.swift */ = {isa = PBXFileReference; lastKnownFileType = sourcecode.swift; path = CaseIterable.swift; sourceTree = "<group>"; };
		528B340F2951C33A0082F73B /* Font.swift */ = {isa = PBXFileReference; lastKnownFileType = sourcecode.swift; path = Font.swift; sourceTree = "<group>"; };
		528B34112951C3C70082F73B /* Colors.xcassets */ = {isa = PBXFileReference; lastKnownFileType = folder.assetcatalog; path = Colors.xcassets; sourceTree = "<group>"; };
		528B34142951C4320082F73B /* Color.swift */ = {isa = PBXFileReference; lastKnownFileType = sourcecode.swift; path = Color.swift; sourceTree = "<group>"; };
		52D358F729506E1700509AEF /* TickerType.swift */ = {isa = PBXFileReference; lastKnownFileType = sourcecode.swift; path = TickerType.swift; sourceTree = "<group>"; };
		52D358F929506ECE00509AEF /* MarketType.swift */ = {isa = PBXFileReference; lastKnownFileType = sourcecode.swift; path = MarketType.swift; sourceTree = "<group>"; };
		52D358FE2950902E00509AEF /* TickersCoordinator.swift */ = {isa = PBXFileReference; lastKnownFileType = sourcecode.swift; path = TickersCoordinator.swift; sourceTree = "<group>"; };
		52F38FB12950B3F700FF17E8 /* Coordinator.swift */ = {isa = PBXFileReference; lastKnownFileType = sourcecode.swift; path = Coordinator.swift; sourceTree = "<group>"; };
		52F38FB42950B42E00FF17E8 /* TickersAssembler.swift */ = {isa = PBXFileReference; lastKnownFileType = sourcecode.swift; path = TickersAssembler.swift; sourceTree = "<group>"; };
		52F38FB62950B44600FF17E8 /* TickersView.swift */ = {isa = PBXFileReference; lastKnownFileType = sourcecode.swift; path = TickersView.swift; sourceTree = "<group>"; };
		52F38FB82950B45D00FF17E8 /* TickersInteractor.swift */ = {isa = PBXFileReference; lastKnownFileType = sourcecode.swift; path = TickersInteractor.swift; sourceTree = "<group>"; };
		52F38FBA2950B47700FF17E8 /* TickersPresenter.swift */ = {isa = PBXFileReference; lastKnownFileType = sourcecode.swift; path = TickersPresenter.swift; sourceTree = "<group>"; };
		52F38FBC2950B49100FF17E8 /* TickersRouter.swift */ = {isa = PBXFileReference; lastKnownFileType = sourcecode.swift; path = TickersRouter.swift; sourceTree = "<group>"; };
		52F38FBE2950B4DB00FF17E8 /* TickersViewModel.swift */ = {isa = PBXFileReference; lastKnownFileType = sourcecode.swift; path = TickersViewModel.swift; sourceTree = "<group>"; };
		52F38FC02950B50600FF17E8 /* TickersNetworkService.swift */ = {isa = PBXFileReference; lastKnownFileType = sourcecode.swift; path = TickersNetworkService.swift; sourceTree = "<group>"; };
/* End PBXFileReference section */

/* Begin PBXFrameworksBuildPhase section */
		5268527A294C77D8006FF320 /* Frameworks */ = {
			isa = PBXFrameworksBuildPhase;
			buildActionMask = 2147483647;
			files = (
			);
			runOnlyForDeploymentPostprocessing = 0;
		};
/* End PBXFrameworksBuildPhase section */

/* Begin PBXGroup section */
		52575338294C857800ED075C /* Configurations */ = {
			isa = PBXGroup;
			children = (
				5285761A29532BDD0013E280 /* Animations */,
				5285761929532BD10013E280 /* Transitions */,
				528B34132951C4240082F73B /* Colors */,
				528B340E2951C32C0082F73B /* Fonts */,
				5257534B294C8DF300ED075C /* Strings */,
				52575339294C859F00ED075C /* Assets */,
				5257533A294C85AA00ED075C /* LaunchScreen */,
				5257533B294C85B300ED075C /* Settings */,
			);
			path = Configurations;
			sourceTree = "<group>";
		};
		52575339294C859F00ED075C /* Assets */ = {
			isa = PBXGroup;
			children = (
				52685289294C77DD006FF320 /* Assets.xcassets */,
				528B34112951C3C70082F73B /* Colors.xcassets */,
			);
			path = Assets;
			sourceTree = "<group>";
		};
		5257533A294C85AA00ED075C /* LaunchScreen */ = {
			isa = PBXGroup;
			children = (
				5268528B294C77DD006FF320 /* LaunchScreen.storyboard */,
			);
			path = LaunchScreen;
			sourceTree = "<group>";
		};
		5257533B294C85B300ED075C /* Settings */ = {
			isa = PBXGroup;
			children = (
				5268528E294C77DD006FF320 /* Info.plist */,
				52575340294C887700ED075C /* ApiSettings.plist */,
			);
			path = Settings;
			sourceTree = "<group>";
		};
		5257533C294C85CB00ED075C /* Modules */ = {
			isa = PBXGroup;
			children = (
				52F38FB32950B41C00FF17E8 /* Tickers */,
				5285761F2953365D0013E280 /* TickersFilters */,
			);
			path = Modules;
			sourceTree = "<group>";
		};
		5257533D294C85E100ED075C /* AppDelegate */ = {
			isa = PBXGroup;
			children = (
				52685280294C77D8006FF320 /* AppDelegate.swift */,
				52685282294C77D8006FF320 /* SceneDelegate.swift */,
			);
			path = AppDelegate;
			sourceTree = "<group>";
		};
		52575342294C88E700ED075C /* Network */ = {
			isa = PBXGroup;
			children = (
				52575345294C893000ED075C /* NetworkService */,
				52575344294C892400ED075C /* EndPoint */,
				52575343294C88F800ED075C /* RequestManager */,
				5257535B294CC3F700ED075C /* RequestObject */,
				52D358F629506DFE00509AEF /* Models */,
				52575351294CABA500ED075C /* ResponseObject */,
				52575348294C8CF600ED075C /* Failure */,
			);
			path = Network;
			sourceTree = "<group>";
		};
		52575343294C88F800ED075C /* RequestManager */ = {
			isa = PBXGroup;
			children = (
				52575346294C895600ED075C /* RequestManager.swift */,
			);
			path = RequestManager;
			sourceTree = "<group>";
		};
		52575344294C892400ED075C /* EndPoint */ = {
			isa = PBXGroup;
			children = (
				5257534F294C8FDF00ED075C /* EndPoint.swift */,
			);
			path = EndPoint;
			sourceTree = "<group>";
		};
		52575345294C893000ED075C /* NetworkService */ = {
			isa = PBXGroup;
			children = (
				52575359294CAE5C00ED075C /* NetworkService.swift */,
				52F38FC02950B50600FF17E8 /* TickersNetworkService.swift */,
			);
			path = NetworkService;
			sourceTree = "<group>";
		};
		52575348294C8CF600ED075C /* Failure */ = {
			isa = PBXGroup;
			children = (
				52575349294C8D0600ED075C /* Failure.swift */,
			);
			path = Failure;
			sourceTree = "<group>";
		};
		5257534B294C8DF300ED075C /* Strings */ = {
			isa = PBXGroup;
			children = (
				5257534D294C8E1400ED075C /* Strings.swift */,
			);
			path = Strings;
			sourceTree = "<group>";
		};
		52575351294CABA500ED075C /* ResponseObject */ = {
			isa = PBXGroup;
			children = (
				52575354294CABD100ED075C /* Tickers */,
				5285762F29534C0B0013E280 /* Exchanges */,
			);
			path = ResponseObject;
			sourceTree = "<group>";
		};
		52575354294CABD100ED075C /* Tickers */ = {
			isa = PBXGroup;
			children = (
				52575355294CABE200ED075C /* TickersResponseObject.swift */,
				52575357294CAC1000ED075C /* Ticker.swift */,
			);
			path = Tickers;
			sourceTree = "<group>";
		};
		5257535B294CC3F700ED075C /* RequestObject */ = {
			isa = PBXGroup;
			children = (
				5257535C294CC40900ED075C /* Tickers */,
				5285762C29534AD50013E280 /* Exchanges */,
			);
			path = RequestObject;
			sourceTree = "<group>";
		};
		5257535C294CC40900ED075C /* Tickers */ = {
			isa = PBXGroup;
			children = (
				5257535D294CC42200ED075C /* TickersRequestObject.swift */,
			);
			path = Tickers;
			sourceTree = "<group>";
		};
		52685274294C77D8006FF320 = {
			isa = PBXGroup;
			children = (
				5268527F294C77D8006FF320 /* Crypto Poligon */,
				5268527E294C77D8006FF320 /* Products */,
			);
			sourceTree = "<group>";
		};
		5268527E294C77D8006FF320 /* Products */ = {
			isa = PBXGroup;
			children = (
				5268527D294C77D8006FF320 /* Crypto Poligon.app */,
			);
			name = Products;
			sourceTree = "<group>";
		};
		5268527F294C77D8006FF320 /* Crypto Poligon */ = {
			isa = PBXGroup;
			children = (
				5257533D294C85E100ED075C /* AppDelegate */,
				52D358FD2950900700509AEF /* Coordinator */,
				5257533C294C85CB00ED075C /* Modules */,
				52575342294C88E700ED075C /* Network */,
				528B340B2951C0570082F73B /* Extensions */,
				52575338294C857800ED075C /* Configurations */,
			);
			path = "Crypto Poligon";
			sourceTree = "<group>";
		};
		5285761929532BD10013E280 /* Transitions */ = {
			isa = PBXGroup;
			children = (
				5285761D29532CAA0013E280 /* Transitions.swift */,
			);
			path = Transitions;
			sourceTree = "<group>";
		};
		5285761A29532BDD0013E280 /* Animations */ = {
			isa = PBXGroup;
			children = (
				5285761B29532BED0013E280 /* Animations.swift */,
			);
			path = Animations;
			sourceTree = "<group>";
		};
		5285761F2953365D0013E280 /* TickersFilters */ = {
			isa = PBXGroup;
			children = (
				5285762A295339830013E280 /* TickersFiltersAssembler.swift */,
				528576202953367F0013E280 /* TickersFiltersView.swift */,
				52857624295337050013E280 /* TickersFiltersInteractor.swift */,
				528576262953381A0013E280 /* TickersFiltersPresenter.swift */,
				52857628295339490013E280 /* TickersFiltersRouter.swift */,
				52857622295336C30013E280 /* TickersFiltersViewModel.swift */,
			);
			path = TickersFilters;
			sourceTree = "<group>";
		};
		5285762C29534AD50013E280 /* Exchanges */ = {
			isa = PBXGroup;
			children = (
				5285762D29534AF60013E280 /* ExchangesRequestObject.swift */,
			);
			path = Exchanges;
			sourceTree = "<group>";
		};
		5285762F29534C0B0013E280 /* Exchanges */ = {
			isa = PBXGroup;
			children = (
				5285763029534C2D0013E280 /* ExchangesResponseObject.swift */,
				5285763229534C560013E280 /* Exchange.swift */,
			);
			path = Exchanges;
			sourceTree = "<group>";
		};
		528B340B2951C0570082F73B /* Extensions */ = {
			isa = PBXGroup;
			children = (
				528B340C2951C0760082F73B /* CaseIterable.swift */,
			);
			path = Extensions;
			sourceTree = "<group>";
		};
		528B340E2951C32C0082F73B /* Fonts */ = {
			isa = PBXGroup;
			children = (
				528B340F2951C33A0082F73B /* Font.swift */,
			);
			path = Fonts;
			sourceTree = "<group>";
		};
		528B34132951C4240082F73B /* Colors */ = {
			isa = PBXGroup;
			children = (
				528B34142951C4320082F73B /* Color.swift */,
			);
			path = Colors;
			sourceTree = "<group>";
		};
		52D358F629506DFE00509AEF /* Models */ = {
			isa = PBXGroup;
			children = (
				52D358F729506E1700509AEF /* TickerType.swift */,
				52D358F929506ECE00509AEF /* MarketType.swift */,
			);
			path = Models;
			sourceTree = "<group>";
		};
		52D358FD2950900700509AEF /* Coordinator */ = {
			isa = PBXGroup;
			children = (
				52F38FB12950B3F700FF17E8 /* Coordinator.swift */,
				52D358FE2950902E00509AEF /* TickersCoordinator.swift */,
			);
			path = Coordinator;
			sourceTree = "<group>";
		};
		52F38FB32950B41C00FF17E8 /* Tickers */ = {
			isa = PBXGroup;
			children = (
				52F38FB42950B42E00FF17E8 /* TickersAssembler.swift */,
				52F38FB62950B44600FF17E8 /* TickersView.swift */,
				52F38FB82950B45D00FF17E8 /* TickersInteractor.swift */,
				52F38FBA2950B47700FF17E8 /* TickersPresenter.swift */,
				52F38FBC2950B49100FF17E8 /* TickersRouter.swift */,
				52F38FBE2950B4DB00FF17E8 /* TickersViewModel.swift */,
			);
			path = Tickers;
			sourceTree = "<group>";
		};
/* End PBXGroup section */

/* Begin PBXNativeTarget section */
		5268527C294C77D8006FF320 /* Crypto Poligon */ = {
			isa = PBXNativeTarget;
			buildConfigurationList = 52685291294C77DD006FF320 /* Build configuration list for PBXNativeTarget "Crypto Poligon" */;
			buildPhases = (
				52685279294C77D8006FF320 /* Sources */,
				5268527A294C77D8006FF320 /* Frameworks */,
				5268527B294C77D8006FF320 /* Resources */,
				52575337294C83CF00ED075C /* ShellScript */,
			);
			buildRules = (
			);
			dependencies = (
			);
			name = "Crypto Poligon";
			productName = "Crypto Poligon";
			productReference = 5268527D294C77D8006FF320 /* Crypto Poligon.app */;
			productType = "com.apple.product-type.application";
		};
/* End PBXNativeTarget section */

/* Begin PBXProject section */
		52685275294C77D8006FF320 /* Project object */ = {
			isa = PBXProject;
			attributes = {
				BuildIndependentTargetsInParallel = 1;
				LastSwiftUpdateCheck = 1340;
				LastUpgradeCheck = 1340;
				TargetAttributes = {
					5268527C294C77D8006FF320 = {
						CreatedOnToolsVersion = 13.4.1;
					};
				};
			};
			buildConfigurationList = 52685278294C77D8006FF320 /* Build configuration list for PBXProject "Crypto Poligon" */;
			compatibilityVersion = "Xcode 13.0";
			developmentRegion = en;
			hasScannedForEncodings = 0;
			knownRegions = (
				en,
				Base,
			);
			mainGroup = 52685274294C77D8006FF320;
			productRefGroup = 5268527E294C77D8006FF320 /* Products */;
			projectDirPath = "";
			projectRoot = "";
			targets = (
				5268527C294C77D8006FF320 /* Crypto Poligon */,
			);
		};
/* End PBXProject section */

/* Begin PBXResourcesBuildPhase section */
		5268527B294C77D8006FF320 /* Resources */ = {
			isa = PBXResourcesBuildPhase;
			buildActionMask = 2147483647;
			files = (
				52575341294C887700ED075C /* ApiSettings.plist in Resources */,
				528B34122951C3C70082F73B /* Colors.xcassets in Resources */,
				5268528D294C77DD006FF320 /* LaunchScreen.storyboard in Resources */,
				5268528A294C77DD006FF320 /* Assets.xcassets in Resources */,
			);
			runOnlyForDeploymentPostprocessing = 0;
		};
/* End PBXResourcesBuildPhase section */

/* Begin PBXShellScriptBuildPhase section */
		52575337294C83CF00ED075C /* ShellScript */ = {
			isa = PBXShellScriptBuildPhase;
			buildActionMask = 2147483647;
			files = (
			);
			inputFileListPaths = (
			);
			inputPaths = (
			);
			outputFileListPaths = (
			);
			outputPaths = (
			);
			runOnlyForDeploymentPostprocessing = 0;
			shellPath = /bin/sh;
			shellScript = "# Type a script or drag a script file from your workspace to insert its path.\nif which swiftlint > /dev/null; then\n  swiftlint\nelse\n  echo \"warning: SwiftLint not installed, download from https://github.com/realm/SwiftLint\"\nfi\n";
		};
/* End PBXShellScriptBuildPhase section */

/* Begin PBXSourcesBuildPhase section */
		52685279294C77D8006FF320 /* Sources */ = {
			isa = PBXSourcesBuildPhase;
			buildActionMask = 2147483647;
			files = (
				5257535A294CAE5C00ED075C /* NetworkService.swift in Sources */,
				52F38FBD2950B49100FF17E8 /* TickersRouter.swift in Sources */,
				528576212953367F0013E280 /* TickersFiltersView.swift in Sources */,
				52F38FBF2950B4DB00FF17E8 /* TickersViewModel.swift in Sources */,
				5285762B295339830013E280 /* TickersFiltersAssembler.swift in Sources */,
				52575356294CABE200ED075C /* TickersResponseObject.swift in Sources */,
				52F38FB52950B42E00FF17E8 /* TickersAssembler.swift in Sources */,
				528576272953381A0013E280 /* TickersFiltersPresenter.swift in Sources */,
				52857625295337050013E280 /* TickersFiltersInteractor.swift in Sources */,
				52857623295336C30013E280 /* TickersFiltersViewModel.swift in Sources */,
				5285762E29534AF60013E280 /* ExchangesRequestObject.swift in Sources */,
				528B34152951C4320082F73B /* Color.swift in Sources */,
				5285761C29532BED0013E280 /* Animations.swift in Sources */,
				5285763329534C560013E280 /* Exchange.swift in Sources */,
				52D358F829506E1700509AEF /* TickerType.swift in Sources */,
				52685281294C77D8006FF320 /* AppDelegate.swift in Sources */,
				52685283294C77D8006FF320 /* SceneDelegate.swift in Sources */,
				52F38FBB2950B47700FF17E8 /* TickersPresenter.swift in Sources */,
				52F38FB92950B45D00FF17E8 /* TickersInteractor.swift in Sources */,
				528B34102951C33A0082F73B /* Font.swift in Sources */,
				52575358294CAC1000ED075C /* Ticker.swift in Sources */,
				5285761E29532CAA0013E280 /* Transitions.swift in Sources */,
				528B340D2951C0760082F73B /* CaseIterable.swift in Sources */,
				5285763129534C2D0013E280 /* ExchangesResponseObject.swift in Sources */,
				52F38FB22950B3F700FF17E8 /* Coordinator.swift in Sources */,
				5257535E294CC42200ED075C /* TickersRequestObject.swift in Sources */,
				52F38FC12950B50600FF17E8 /* TickersNetworkService.swift in Sources */,
				52D358FF2950902E00509AEF /* TickersCoordinator.swift in Sources */,
				5257534A294C8D0600ED075C /* Failure.swift in Sources */,
				5257534E294C8E1400ED075C /* Strings.swift in Sources */,
				52F38FB72950B44600FF17E8 /* TickersView.swift in Sources */,
				52575350294C8FDF00ED075C /* EndPoint.swift in Sources */,
				52575347294C895600ED075C /* RequestManager.swift in Sources */,
				528576292953394A0013E280 /* TickersFiltersRouter.swift in Sources */,
				52D358FA29506ECE00509AEF /* MarketType.swift in Sources */,
			);
			runOnlyForDeploymentPostprocessing = 0;
		};
/* End PBXSourcesBuildPhase section */

/* Begin PBXVariantGroup section */
		5268528B294C77DD006FF320 /* LaunchScreen.storyboard */ = {
			isa = PBXVariantGroup;
			children = (
				5268528C294C77DD006FF320 /* Base */,
			);
			name = LaunchScreen.storyboard;
			sourceTree = "<group>";
		};
/* End PBXVariantGroup section */

/* Begin XCBuildConfiguration section */
		5268528F294C77DD006FF320 /* Debug */ = {
			isa = XCBuildConfiguration;
			buildSettings = {
				ALWAYS_SEARCH_USER_PATHS = NO;
				CLANG_ANALYZER_NONNULL = YES;
				CLANG_ANALYZER_NUMBER_OBJECT_CONVERSION = YES_AGGRESSIVE;
				CLANG_CXX_LANGUAGE_STANDARD = "gnu++17";
				CLANG_ENABLE_MODULES = YES;
				CLANG_ENABLE_OBJC_ARC = YES;
				CLANG_ENABLE_OBJC_WEAK = YES;
				CLANG_WARN_BLOCK_CAPTURE_AUTORELEASING = YES;
				CLANG_WARN_BOOL_CONVERSION = YES;
				CLANG_WARN_COMMA = YES;
				CLANG_WARN_CONSTANT_CONVERSION = YES;
				CLANG_WARN_DEPRECATED_OBJC_IMPLEMENTATIONS = YES;
				CLANG_WARN_DIRECT_OBJC_ISA_USAGE = YES_ERROR;
				CLANG_WARN_DOCUMENTATION_COMMENTS = YES;
				CLANG_WARN_EMPTY_BODY = YES;
				CLANG_WARN_ENUM_CONVERSION = YES;
				CLANG_WARN_INFINITE_RECURSION = YES;
				CLANG_WARN_INT_CONVERSION = YES;
				CLANG_WARN_NON_LITERAL_NULL_CONVERSION = YES;
				CLANG_WARN_OBJC_IMPLICIT_RETAIN_SELF = YES;
				CLANG_WARN_OBJC_LITERAL_CONVERSION = YES;
				CLANG_WARN_OBJC_ROOT_CLASS = YES_ERROR;
				CLANG_WARN_QUOTED_INCLUDE_IN_FRAMEWORK_HEADER = YES;
				CLANG_WARN_RANGE_LOOP_ANALYSIS = YES;
				CLANG_WARN_STRICT_PROTOTYPES = YES;
				CLANG_WARN_SUSPICIOUS_MOVE = YES;
				CLANG_WARN_UNGUARDED_AVAILABILITY = YES_AGGRESSIVE;
				CLANG_WARN_UNREACHABLE_CODE = YES;
				CLANG_WARN__DUPLICATE_METHOD_MATCH = YES;
				COPY_PHASE_STRIP = NO;
				DEBUG_INFORMATION_FORMAT = dwarf;
				ENABLE_STRICT_OBJC_MSGSEND = YES;
				ENABLE_TESTABILITY = YES;
				GCC_C_LANGUAGE_STANDARD = gnu11;
				GCC_DYNAMIC_NO_PIC = NO;
				GCC_NO_COMMON_BLOCKS = YES;
				GCC_OPTIMIZATION_LEVEL = 0;
				GCC_PREPROCESSOR_DEFINITIONS = (
					"DEBUG=1",
					"$(inherited)",
				);
				GCC_WARN_64_TO_32_BIT_CONVERSION = YES;
				GCC_WARN_ABOUT_RETURN_TYPE = YES_ERROR;
				GCC_WARN_UNDECLARED_SELECTOR = YES;
				GCC_WARN_UNINITIALIZED_AUTOS = YES_AGGRESSIVE;
				GCC_WARN_UNUSED_FUNCTION = YES;
				GCC_WARN_UNUSED_VARIABLE = YES;
				IPHONEOS_DEPLOYMENT_TARGET = 15.5;
				MTL_ENABLE_DEBUG_INFO = INCLUDE_SOURCE;
				MTL_FAST_MATH = YES;
				ONLY_ACTIVE_ARCH = YES;
				SDKROOT = iphoneos;
				SWIFT_ACTIVE_COMPILATION_CONDITIONS = DEBUG;
				SWIFT_OPTIMIZATION_LEVEL = "-Onone";
			};
			name = Debug;
		};
		52685290294C77DD006FF320 /* Release */ = {
			isa = XCBuildConfiguration;
			buildSettings = {
				ALWAYS_SEARCH_USER_PATHS = NO;
				CLANG_ANALYZER_NONNULL = YES;
				CLANG_ANALYZER_NUMBER_OBJECT_CONVERSION = YES_AGGRESSIVE;
				CLANG_CXX_LANGUAGE_STANDARD = "gnu++17";
				CLANG_ENABLE_MODULES = YES;
				CLANG_ENABLE_OBJC_ARC = YES;
				CLANG_ENABLE_OBJC_WEAK = YES;
				CLANG_WARN_BLOCK_CAPTURE_AUTORELEASING = YES;
				CLANG_WARN_BOOL_CONVERSION = YES;
				CLANG_WARN_COMMA = YES;
				CLANG_WARN_CONSTANT_CONVERSION = YES;
				CLANG_WARN_DEPRECATED_OBJC_IMPLEMENTATIONS = YES;
				CLANG_WARN_DIRECT_OBJC_ISA_USAGE = YES_ERROR;
				CLANG_WARN_DOCUMENTATION_COMMENTS = YES;
				CLANG_WARN_EMPTY_BODY = YES;
				CLANG_WARN_ENUM_CONVERSION = YES;
				CLANG_WARN_INFINITE_RECURSION = YES;
				CLANG_WARN_INT_CONVERSION = YES;
				CLANG_WARN_NON_LITERAL_NULL_CONVERSION = YES;
				CLANG_WARN_OBJC_IMPLICIT_RETAIN_SELF = YES;
				CLANG_WARN_OBJC_LITERAL_CONVERSION = YES;
				CLANG_WARN_OBJC_ROOT_CLASS = YES_ERROR;
				CLANG_WARN_QUOTED_INCLUDE_IN_FRAMEWORK_HEADER = YES;
				CLANG_WARN_RANGE_LOOP_ANALYSIS = YES;
				CLANG_WARN_STRICT_PROTOTYPES = YES;
				CLANG_WARN_SUSPICIOUS_MOVE = YES;
				CLANG_WARN_UNGUARDED_AVAILABILITY = YES_AGGRESSIVE;
				CLANG_WARN_UNREACHABLE_CODE = YES;
				CLANG_WARN__DUPLICATE_METHOD_MATCH = YES;
				COPY_PHASE_STRIP = NO;
				DEBUG_INFORMATION_FORMAT = "dwarf-with-dsym";
				ENABLE_NS_ASSERTIONS = NO;
				ENABLE_STRICT_OBJC_MSGSEND = YES;
				GCC_C_LANGUAGE_STANDARD = gnu11;
				GCC_NO_COMMON_BLOCKS = YES;
				GCC_WARN_64_TO_32_BIT_CONVERSION = YES;
				GCC_WARN_ABOUT_RETURN_TYPE = YES_ERROR;
				GCC_WARN_UNDECLARED_SELECTOR = YES;
				GCC_WARN_UNINITIALIZED_AUTOS = YES_AGGRESSIVE;
				GCC_WARN_UNUSED_FUNCTION = YES;
				GCC_WARN_UNUSED_VARIABLE = YES;
				IPHONEOS_DEPLOYMENT_TARGET = 15.5;
				MTL_ENABLE_DEBUG_INFO = NO;
				MTL_FAST_MATH = YES;
				SDKROOT = iphoneos;
				SWIFT_COMPILATION_MODE = wholemodule;
				SWIFT_OPTIMIZATION_LEVEL = "-O";
				VALIDATE_PRODUCT = YES;
			};
			name = Release;
		};
		52685292294C77DD006FF320 /* Debug */ = {
			isa = XCBuildConfiguration;
			buildSettings = {
				ASSETCATALOG_COMPILER_APPICON_NAME = AppIcon;
				ASSETCATALOG_COMPILER_GLOBAL_ACCENT_COLOR_NAME = AccentColor;
				CODE_SIGN_STYLE = Automatic;
				CURRENT_PROJECT_VERSION = 1;
				DEVELOPMENT_TEAM = 684F77Y3GC;
				GENERATE_INFOPLIST_FILE = YES;
				INFOPLIST_FILE = "Crypto Poligon/Configurations/Settings/Info.plist";
				INFOPLIST_KEY_UIApplicationSupportsIndirectInputEvents = YES;
				INFOPLIST_KEY_UILaunchStoryboardName = LaunchScreen;
				INFOPLIST_KEY_UIMainStoryboardFile = "";
				INFOPLIST_KEY_UISupportedInterfaceOrientations_iPad = "UIInterfaceOrientationPortrait UIInterfaceOrientationPortraitUpsideDown UIInterfaceOrientationLandscapeLeft UIInterfaceOrientationLandscapeRight";
				INFOPLIST_KEY_UISupportedInterfaceOrientations_iPhone = "UIInterfaceOrientationPortrait UIInterfaceOrientationLandscapeLeft UIInterfaceOrientationLandscapeRight";
				LD_RUNPATH_SEARCH_PATHS = (
					"$(inherited)",
					"@executable_path/Frameworks",
				);
				MARKETING_VERSION = 1.0;
				PRODUCT_BUNDLE_IDENTIFIER = "com.alexlaz.cryptopoligon.Crypto-Poligon";
				PRODUCT_NAME = "$(TARGET_NAME)";
				SWIFT_EMIT_LOC_STRINGS = YES;
				SWIFT_VERSION = 5.0;
				TARGETED_DEVICE_FAMILY = "1,2";
			};
			name = Debug;
		};
		52685293294C77DD006FF320 /* Release */ = {
			isa = XCBuildConfiguration;
			buildSettings = {
				ASSETCATALOG_COMPILER_APPICON_NAME = AppIcon;
				ASSETCATALOG_COMPILER_GLOBAL_ACCENT_COLOR_NAME = AccentColor;
				CODE_SIGN_STYLE = Automatic;
				CURRENT_PROJECT_VERSION = 1;
				DEVELOPMENT_TEAM = 684F77Y3GC;
				GENERATE_INFOPLIST_FILE = YES;
				INFOPLIST_FILE = "Crypto Poligon/Configurations/Settings/Info.plist";
				INFOPLIST_KEY_UIApplicationSupportsIndirectInputEvents = YES;
				INFOPLIST_KEY_UILaunchStoryboardName = LaunchScreen;
				INFOPLIST_KEY_UIMainStoryboardFile = "";
				INFOPLIST_KEY_UISupportedInterfaceOrientations_iPad = "UIInterfaceOrientationPortrait UIInterfaceOrientationPortraitUpsideDown UIInterfaceOrientationLandscapeLeft UIInterfaceOrientationLandscapeRight";
				INFOPLIST_KEY_UISupportedInterfaceOrientations_iPhone = "UIInterfaceOrientationPortrait UIInterfaceOrientationLandscapeLeft UIInterfaceOrientationLandscapeRight";
				LD_RUNPATH_SEARCH_PATHS = (
					"$(inherited)",
					"@executable_path/Frameworks",
				);
				MARKETING_VERSION = 1.0;
				PRODUCT_BUNDLE_IDENTIFIER = "com.alexlaz.cryptopoligon.Crypto-Poligon";
				PRODUCT_NAME = "$(TARGET_NAME)";
				SWIFT_EMIT_LOC_STRINGS = YES;
				SWIFT_VERSION = 5.0;
				TARGETED_DEVICE_FAMILY = "1,2";
			};
			name = Release;
		};
/* End XCBuildConfiguration section */

/* Begin XCConfigurationList section */
		52685278294C77D8006FF320 /* Build configuration list for PBXProject "Crypto Poligon" */ = {
			isa = XCConfigurationList;
			buildConfigurations = (
				5268528F294C77DD006FF320 /* Debug */,
				52685290294C77DD006FF320 /* Release */,
			);
			defaultConfigurationIsVisible = 0;
			defaultConfigurationName = Release;
		};
		52685291294C77DD006FF320 /* Build configuration list for PBXNativeTarget "Crypto Poligon" */ = {
			isa = XCConfigurationList;
			buildConfigurations = (
				52685292294C77DD006FF320 /* Debug */,
				52685293294C77DD006FF320 /* Release */,
			);
			defaultConfigurationIsVisible = 0;
			defaultConfigurationName = Release;
		};
/* End XCConfigurationList section */
	};
	rootObject = 52685275294C77D8006FF320 /* Project object */;
}
